
Microsoft Visual Studio Solution File, Format Version 12.00
# Visual Studio Version 17
VisualStudioVersion = 17.11.35431.28
MinimumVisualStudioVersion = 10.0.40219.1
Project("{8BC9CEB8-8B4A-11D0-8D11-00A0C91BC942}") = "Test1", "Test1.vcxproj", "{BB64A6CA-AAA0-475D-B87D-1921E13EFBDF}"
EndProject
Global
	GlobalSection(SolutionConfigurationPlatforms) = preSolution
		Debug|x64 = Debug|x64
		Debug|x86 = Debug|x86
		Release|x64 = Release|x64
		Release|x86 = Release|x86
	EndGlobalSection
	GlobalSection(ProjectConfigurationPlatforms) = postSolution
		{BB64A6CA-AAA0-475D-B87D-1921E13EFBDF}.Debug|x64.ActiveCfg = Debug|x64
		{BB64A6CA-AAA0-475D-B87D-1921E13EFBDF}.Debug|x64.Build.0 = Debug|x64
		{BB64A6CA-AAA0-475D-B87D-1921E13EFBDF}.Debug|x86.ActiveCfg = Debug|Win32
		{BB64A6CA-AAA0-475D-B87D-1921E13EFBDF}.Debug|x86.Build.0 = Debug|Win32
		{BB64A6CA-AAA0-475D-B87D-1921E13EFBDF}.Release|x64.ActiveCfg = Release|x64
		{BB64A6CA-AAA0-475D-B87D-1921E13EFBDF}.Release|x64.Build.0 = Release|x64
		{BB64A6CA-AAA0-475D-B87D-1921E13EFBDF}.Release|x86.ActiveCfg = Release|Win32
		{BB64A6CA-AAA0-475D-B87D-1921E13EFBDF}.Release|x86.Build.0 = Release|Win32
	EndGlobalSection
	GlobalSection(SolutionProperties) = preSolution
		HideSolutionNode = FALSE
	EndGlobalSection
	GlobalSection(ExtensibilityGlobals) = postSolution
		SolutionGuid = {848E28DD-AFC0-4EFA-A07E-DF39C77C6150}
	EndGlobalSection
EndGlobal
